
Microsoft Visual Studio Solution File, Format Version 12.00
# Visual Studio Version 17
VisualStudioVersion = 17.11.35327.3
MinimumVisualStudioVersion = 10.0.40219.1
Project("{FAE04EC0-301F-11D3-BF4B-00C04F79EFBC}") = "App.Services", "App.Services\App.Services.csproj", "{64B6A82E-C213-40B8-B4E2-119E1C22D792}"
EndProject
Project("{FAE04EC0-301F-11D3-BF4B-00C04F79EFBC}") = "App.Repositories", "App.Repositories\App.Repositories.csproj", "{104ECA79-DB3B-4C8F-8F57-BB14BC088C07}"
EndProject
Project("{FAE04EC0-301F-11D3-BF4B-00C04F79EFBC}") = "App.API", "App.API\App.API.csproj", "{4B3A4E70-2F2D-43DA-8600-ABC991D1B6BD}"
EndProject
Global
	GlobalSection(SolutionConfigurationPlatforms) = preSolution
		Debug|Any CPU = Debug|Any CPU
		Release|Any CPU = Release|Any CPU
	EndGlobalSection
	GlobalSection(ProjectConfigurationPlatforms) = postSolution
		{64B6A82E-C213-40B8-B4E2-119E1C22D792}.Debug|Any CPU.ActiveCfg = Debug|Any CPU
		{64B6A82E-C213-40B8-B4E2-119E1C22D792}.Debug|Any CPU.Build.0 = Debug|Any CPU
		{64B6A82E-C213-40B8-B4E2-119E1C22D792}.Release|Any CPU.ActiveCfg = Release|Any CPU
		{64B6A82E-C213-40B8-B4E2-119E1C22D792}.Release|Any CPU.Build.0 = Release|Any CPU
		{104ECA79-DB3B-4C8F-8F57-BB14BC088C07}.Debug|Any CPU.ActiveCfg = Debug|Any CPU
		{104ECA79-DB3B-4C8F-8F57-BB14BC088C07}.Debug|Any CPU.Build.0 = Debug|Any CPU
		{104ECA79-DB3B-4C8F-8F57-BB14BC088C07}.Release|Any CPU.ActiveCfg = Release|Any CPU
		{104ECA79-DB3B-4C8F-8F57-BB14BC088C07}.Release|Any CPU.Build.0 = Release|Any CPU
		{4B3A4E70-2F2D-43DA-8600-ABC991D1B6BD}.Debug|Any CPU.ActiveCfg = Debug|Any CPU
		{4B3A4E70-2F2D-43DA-8600-ABC991D1B6BD}.Debug|Any CPU.Build.0 = Debug|Any CPU
		{4B3A4E70-2F2D-43DA-8600-ABC991D1B6BD}.Release|Any CPU.ActiveCfg = Release|Any CPU
		{4B3A4E70-2F2D-43DA-8600-ABC991D1B6BD}.Release|Any CPU.Build.0 = Release|Any CPU
	EndGlobalSection
	GlobalSection(SolutionProperties) = preSolution
		HideSolutionNode = FALSE
	EndGlobalSection
	GlobalSection(ExtensibilityGlobals) = postSolution
		SolutionGuid = {98751886-D1DA-4CD3-BF21-6AD3EFF01405}
	EndGlobalSection
EndGlobal
